
Microsoft Visual Studio Solution File, Format Version 12.00
# Visual Studio Version 17
VisualStudioVersion = 17.3.32929.385
MinimumVisualStudioVersion = 10.0.40219.1
Project("{9A19103F-16F7-4668-BE54-9A1E7A4F7556}") = "Blend.Cms12", "Blend.Cms12\Blend.Cms12.csproj", "{22EA9FB1-45D9-444B-98F2-45B31D5BA125}"
EndProject
Project("{FAE04EC0-301F-11D3-BF4B-00C04F79EFBC}") = "Project1", "Project1\Project1.csproj", "{5EF10C0D-8019-4F1B-A01E-5EC852404A75}"
EndProject
Global
	GlobalSection(SolutionConfigurationPlatforms) = preSolution
		Debug|Any CPU = Debug|Any CPU
		Release|Any CPU = Release|Any CPU
	EndGlobalSection
	GlobalSection(ProjectConfigurationPlatforms) = postSolution
		{22EA9FB1-45D9-444B-98F2-45B31D5BA125}.Debug|Any CPU.ActiveCfg = Debug|Any CPU
		{22EA9FB1-45D9-444B-98F2-45B31D5BA125}.Debug|Any CPU.Build.0 = Debug|Any CPU
		{22EA9FB1-45D9-444B-98F2-45B31D5BA125}.Release|Any CPU.ActiveCfg = Release|Any CPU
		{22EA9FB1-45D9-444B-98F2-45B31D5BA125}.Release|Any CPU.Build.0 = Release|Any CPU
		{5EF10C0D-8019-4F1B-A01E-5EC852404A75}.Debug|Any CPU.ActiveCfg = Debug|Any CPU
		{5EF10C0D-8019-4F1B-A01E-5EC852404A75}.Debug|Any CPU.Build.0 = Debug|Any CPU
		{5EF10C0D-8019-4F1B-A01E-5EC852404A75}.Release|Any CPU.ActiveCfg = Release|Any CPU
		{5EF10C0D-8019-4F1B-A01E-5EC852404A75}.Release|Any CPU.Build.0 = Release|Any CPU
	EndGlobalSection
	GlobalSection(SolutionProperties) = preSolution
		HideSolutionNode = FALSE
	EndGlobalSection
	GlobalSection(ExtensibilityGlobals) = postSolution
		SolutionGuid = {C0A0C579-48C0-437E-B8D8-552BB4A3480F}
	EndGlobalSection
EndGlobal
